
Microsoft Visual Studio Solution File, Format Version 12.00
# Visual Studio 14
VisualStudioVersion = 14.0.25420.1
MinimumVisualStudioVersion = 10.0.40219.1
Project("{FAE04EC0-301F-11D3-BF4B-00C04F79EFBC}") = "PSC_ERP", "PSC_ERP\PSC_ERP.csproj", "{7C9308DE-6774-4236-82D8-2207E727BFEA}"
EndProject
Project("{FAE04EC0-301F-11D3-BF4B-00C04F79EFBC}") = "ERP_Library", "ERP_Library\ERP_Library.csproj", "{2F87F479-1441-4C3D-89A5-152732CC9684}"
EndProject
Project("{FAE04EC0-301F-11D3-BF4B-00C04F79EFBC}") = "PSC_ERP_Business", "PSC.ERP.Business\PSC_ERP_Business.csproj", "{4F3D5DB4-1D47-4DE1-AA89-920A84D2EAC6}"
EndProject
Project("{FAE04EC0-301F-11D3-BF4B-00C04F79EFBC}") = "PSC_ERP_Common", "PSC.ERP.Common\PSC_ERP_Common.csproj", "{FEEE9942-007B-405F-9F65-3C41A42E6F46}"
EndProject
Project("{FAE04EC0-301F-11D3-BF4B-00C04F79EFBC}") = "PSC_ERP_Util", "PSC.ERP.Util\PSC_ERP_Util.csproj", "{521ADDF6-2360-4AD7-AA10-1DCDFD1AFEFE}"
EndProject
Project("{FAE04EC0-301F-11D3-BF4B-00C04F79EFBC}") = "PSC_ERP_Core", "PSC.ERP.Core\PSC_ERP_Core.csproj", "{7BB0057E-88FF-412C-81E8-4B3455C86FA6}"
EndProject
Project("{FAE04EC0-301F-11D3-BF4B-00C04F79EFBC}") = "PSC_ERP_Global", "PSC.ERP.Global\PSC_ERP_Global.csproj", "{DB2A42F1-EF35-426B-9321-576960F0B99A}"
EndProject
Project("{FAE04EC0-301F-11D3-BF4B-00C04F79EFBC}") = "PSC_ERP_TrackingLog", "PSC.ERP.TrackingLog\PSC_ERP_TrackingLog.csproj", "{6FE73AC1-9EBE-44ED-951B-381BBEB60AAF}"
EndProject
Project("{FAE04EC0-301F-11D3-BF4B-00C04F79EFBC}") = "PSC_ERP_Digitizing.WebService", "PSC.ERP.Digitizing\PSC_ERP_Digitizing.WebService\PSC_ERP_Digitizing.WebService.csproj", "{3086A14B-ABD1-4ACE-BC1B-5080B0C77D98}"
EndProject
Project("{FAE04EC0-301F-11D3-BF4B-00C04F79EFBC}") = "PSC_ERP_Digitizing.Server", "PSC.ERP.Digitizing\PSC_ERP_Digitizing.Server\PSC_ERP_Digitizing.Server.csproj", "{A730D47F-683F-4148-AB10-D07CCDFCB811}"
EndProject
Project("{FAE04EC0-301F-11D3-BF4B-00C04F79EFBC}") = "PSC_ERP_Digitizing.Client", "PSC.ERP.Digitizing\PSC_ERP_Digitizing.Client\PSC_ERP_Digitizing.Client.csproj", "{9254AE2B-523E-49F4-A3C3-461C35306CC2}"
EndProject
Global
	GlobalSection(SolutionConfigurationPlatforms) = preSolution
		Debug|Any CPU = Debug|Any CPU
		Debug|x64 = Debug|x64
		Debug|x86 = Debug|x86
		Release|Any CPU = Release|Any CPU
		Release|x64 = Release|x64
		Release|x86 = Release|x86
	EndGlobalSection
	GlobalSection(ProjectConfigurationPlatforms) = postSolution
		{7C9308DE-6774-4236-82D8-2207E727BFEA}.Debug|Any CPU.ActiveCfg = Debug|Any CPU
		{7C9308DE-6774-4236-82D8-2207E727BFEA}.Debug|Any CPU.Build.0 = Debug|Any CPU
		{7C9308DE-6774-4236-82D8-2207E727BFEA}.Debug|x64.ActiveCfg = Debug|Any CPU
		{7C9308DE-6774-4236-82D8-2207E727BFEA}.Debug|x64.Build.0 = Debug|Any CPU
		{7C9308DE-6774-4236-82D8-2207E727BFEA}.Debug|x86.ActiveCfg = Debug|x86
		{7C9308DE-6774-4236-82D8-2207E727BFEA}.Debug|x86.Build.0 = Debug|x86
		{7C9308DE-6774-4236-82D8-2207E727BFEA}.Release|Any CPU.ActiveCfg = Release|Any CPU
		{7C9308DE-6774-4236-82D8-2207E727BFEA}.Release|Any CPU.Build.0 = Release|Any CPU
		{7C9308DE-6774-4236-82D8-2207E727BFEA}.Release|x64.ActiveCfg = Release|Any CPU
		{7C9308DE-6774-4236-82D8-2207E727BFEA}.Release|x64.Build.0 = Release|Any CPU
		{7C9308DE-6774-4236-82D8-2207E727BFEA}.Release|x86.ActiveCfg = Release|x86
		{7C9308DE-6774-4236-82D8-2207E727BFEA}.Release|x86.Build.0 = Release|x86
		{2F87F479-1441-4C3D-89A5-152732CC9684}.Debug|Any CPU.ActiveCfg = Debug|Any CPU
		{2F87F479-1441-4C3D-89A5-152732CC9684}.Debug|Any CPU.Build.0 = Debug|Any CPU
		{2F87F479-1441-4C3D-89A5-152732CC9684}.Debug|x64.ActiveCfg = Debug|Any CPU
		{2F87F479-1441-4C3D-89A5-152732CC9684}.Debug|x64.Build.0 = Debug|Any CPU
		{2F87F479-1441-4C3D-89A5-152732CC9684}.Debug|x86.ActiveCfg = Debug|Any CPU
		{2F87F479-1441-4C3D-89A5-152732CC9684}.Debug|x86.Build.0 = Debug|Any CPU
		{2F87F479-1441-4C3D-89A5-152732CC9684}.Release|Any CPU.ActiveCfg = Release|Any CPU
		{2F87F479-1441-4C3D-89A5-152732CC9684}.Release|Any CPU.Build.0 = Release|Any CPU
		{2F87F479-1441-4C3D-89A5-152732CC9684}.Release|x64.ActiveCfg = Release|Any CPU
		{2F87F479-1441-4C3D-89A5-152732CC9684}.Release|x64.Build.0 = Release|Any CPU
		{2F87F479-1441-4C3D-89A5-152732CC9684}.Release|x86.ActiveCfg = Release|Any CPU
		{2F87F479-1441-4C3D-89A5-152732CC9684}.Release|x86.Build.0 = Release|Any CPU
		{4F3D5DB4-1D47-4DE1-AA89-920A84D2EAC6}.Debug|Any CPU.ActiveCfg = Debug|Any CPU
		{4F3D5DB4-1D47-4DE1-AA89-920A84D2EAC6}.Debug|Any CPU.Build.0 = Debug|Any CPU
		{4F3D5DB4-1D47-4DE1-AA89-920A84D2EAC6}.Debug|x64.ActiveCfg = Debug|Any CPU
		{4F3D5DB4-1D47-4DE1-AA89-920A84D2EAC6}.Debug|x64.Build.0 = Debug|Any CPU
		{4F3D5DB4-1D47-4DE1-AA89-920A84D2EAC6}.Debug|x86.ActiveCfg = Debug|Any CPU
		{4F3D5DB4-1D47-4DE1-AA89-920A84D2EAC6}.Debug|x86.Build.0 = Debug|Any CPU
		{4F3D5DB4-1D47-4DE1-AA89-920A84D2EAC6}.Release|Any CPU.ActiveCfg = Release|Any CPU
		{4F3D5DB4-1D47-4DE1-AA89-920A84D2EAC6}.Release|Any CPU.Build.0 = Release|Any CPU
		{4F3D5DB4-1D47-4DE1-AA89-920A84D2EAC6}.Release|x64.ActiveCfg = Release|Any CPU
		{4F3D5DB4-1D47-4DE1-AA89-920A84D2EAC6}.Release|x64.Build.0 = Release|Any CPU
		{4F3D5DB4-1D47-4DE1-AA89-920A84D2EAC6}.Release|x86.ActiveCfg = Release|Any CPU
		{4F3D5DB4-1D47-4DE1-AA89-920A84D2EAC6}.Release|x86.Build.0 = Release|Any CPU
		{FEEE9942-007B-405F-9F65-3C41A42E6F46}.Debug|Any CPU.ActiveCfg = Debug|Any CPU
		{FEEE9942-007B-405F-9F65-3C41A42E6F46}.Debug|Any CPU.Build.0 = Debug|Any CPU
		{FEEE9942-007B-405F-9F65-3C41A42E6F46}.Debug|x64.ActiveCfg = Debug|Any CPU
		{FEEE9942-007B-405F-9F65-3C41A42E6F46}.Debug|x64.Build.0 = Debug|Any CPU
		{FEEE9942-007B-405F-9F65-3C41A42E6F46}.Debug|x86.ActiveCfg = Debug|Any CPU
		{FEEE9942-007B-405F-9F65-3C41A42E6F46}.Debug|x86.Build.0 = Debug|Any CPU
		{FEEE9942-007B-405F-9F65-3C41A42E6F46}.Release|Any CPU.ActiveCfg = Release|Any CPU
		{FEEE9942-007B-405F-9F65-3C41A42E6F46}.Release|Any CPU.Build.0 = Release|Any CPU
		{FEEE9942-007B-405F-9F65-3C41A42E6F46}.Release|x64.ActiveCfg = Release|Any CPU
		{FEEE9942-007B-405F-9F65-3C41A42E6F46}.Release|x64.Build.0 = Release|Any CPU
		{FEEE9942-007B-405F-9F65-3C41A42E6F46}.Release|x86.ActiveCfg = Release|Any CPU
		{FEEE9942-007B-405F-9F65-3C41A42E6F46}.Release|x86.Build.0 = Release|Any CPU
		{521ADDF6-2360-4AD7-AA10-1DCDFD1AFEFE}.Debug|Any CPU.ActiveCfg = Debug|Any CPU
		{521ADDF6-2360-4AD7-AA10-1DCDFD1AFEFE}.Debug|Any CPU.Build.0 = Debug|Any CPU
		{521ADDF6-2360-4AD7-AA10-1DCDFD1AFEFE}.Debug|x64.ActiveCfg = Debug|Any CPU
		{521ADDF6-2360-4AD7-AA10-1DCDFD1AFEFE}.Debug|x64.Build.0 = Debug|Any CPU
		{521ADDF6-2360-4AD7-AA10-1DCDFD1AFEFE}.Debug|x86.ActiveCfg = Debug|Any CPU
		{521ADDF6-2360-4AD7-AA10-1DCDFD1AFEFE}.Debug|x86.Build.0 = Debug|Any CPU
		{521ADDF6-2360-4AD7-AA10-1DCDFD1AFEFE}.Release|Any CPU.ActiveCfg = Release|Any CPU
		{521ADDF6-2360-4AD7-AA10-1DCDFD1AFEFE}.Release|Any CPU.Build.0 = Release|Any CPU
		{521ADDF6-2360-4AD7-AA10-1DCDFD1AFEFE}.Release|x64.ActiveCfg = Release|Any CPU
		{521ADDF6-2360-4AD7-AA10-1DCDFD1AFEFE}.Release|x64.Build.0 = Release|Any CPU
		{521ADDF6-2360-4AD7-AA10-1DCDFD1AFEFE}.Release|x86.ActiveCfg = Release|Any CPU
		{521ADDF6-2360-4AD7-AA10-1DCDFD1AFEFE}.Release|x86.Build.0 = Release|Any CPU
		{7BB0057E-88FF-412C-81E8-4B3455C86FA6}.Debug|Any CPU.ActiveCfg = Debug|Any CPU
		{7BB0057E-88FF-412C-81E8-4B3455C86FA6}.Debug|Any CPU.Build.0 = Debug|Any CPU
		{7BB0057E-88FF-412C-81E8-4B3455C86FA6}.Debug|x64.ActiveCfg = Debug|Any CPU
		{7BB0057E-88FF-412C-81E8-4B3455C86FA6}.Debug|x64.Build.0 = Debug|Any CPU
		{7BB0057E-88FF-412C-81E8-4B3455C86FA6}.Debug|x86.ActiveCfg = Debug|Any CPU
		{7BB0057E-88FF-412C-81E8-4B3455C86FA6}.Debug|x86.Build.0 = Debug|Any CPU
		{7BB0057E-88FF-412C-81E8-4B3455C86FA6}.Release|Any CPU.ActiveCfg = Release|Any CPU
		{7BB0057E-88FF-412C-81E8-4B3455C86FA6}.Release|Any CPU.Build.0 = Release|Any CPU
		{7BB0057E-88FF-412C-81E8-4B3455C86FA6}.Release|x64.ActiveCfg = Release|Any CPU
		{7BB0057E-88FF-412C-81E8-4B3455C86FA6}.Release|x64.Build.0 = Release|Any CPU
		{7BB0057E-88FF-412C-81E8-4B3455C86FA6}.Release|x86.ActiveCfg = Release|Any CPU
		{7BB0057E-88FF-412C-81E8-4B3455C86FA6}.Release|x86.Build.0 = Release|Any CPU
		{DB2A42F1-EF35-426B-9321-576960F0B99A}.Debug|Any CPU.ActiveCfg = Debug|Any CPU
		{DB2A42F1-EF35-426B-9321-576960F0B99A}.Debug|Any CPU.Build.0 = Debug|Any CPU
		{DB2A42F1-EF35-426B-9321-576960F0B99A}.Debug|x64.ActiveCfg = Debug|Any CPU
		{DB2A42F1-EF35-426B-9321-576960F0B99A}.Debug|x64.Build.0 = Debug|Any CPU
		{DB2A42F1-EF35-426B-9321-576960F0B99A}.Debug|x86.ActiveCfg = Debug|Any CPU
		{DB2A42F1-EF35-426B-9321-576960F0B99A}.Debug|x86.Build.0 = Debug|Any CPU
		{DB2A42F1-EF35-426B-9321-576960F0B99A}.Release|Any CPU.ActiveCfg = Release|Any CPU
		{DB2A42F1-EF35-426B-9321-576960F0B99A}.Release|Any CPU.Build.0 = Release|Any CPU
		{DB2A42F1-EF35-426B-9321-576960F0B99A}.Release|x64.ActiveCfg = Release|Any CPU
		{DB2A42F1-EF35-426B-9321-576960F0B99A}.Release|x64.Build.0 = Release|Any CPU
		{DB2A42F1-EF35-426B-9321-576960F0B99A}.Release|x86.ActiveCfg = Release|Any CPU
		{DB2A42F1-EF35-426B-9321-576960F0B99A}.Release|x86.Build.0 = Release|Any CPU
		{6FE73AC1-9EBE-44ED-951B-381BBEB60AAF}.Debug|Any CPU.ActiveCfg = Debug|Any CPU
		{6FE73AC1-9EBE-44ED-951B-381BBEB60AAF}.Debug|Any CPU.Build.0 = Debug|Any CPU
		{6FE73AC1-9EBE-44ED-951B-381BBEB60AAF}.Debug|x64.ActiveCfg = Debug|Any CPU
		{6FE73AC1-9EBE-44ED-951B-381BBEB60AAF}.Debug|x64.Build.0 = Debug|Any CPU
		{6FE73AC1-9EBE-44ED-951B-381BBEB60AAF}.Debug|x86.ActiveCfg = Debug|Any CPU
		{6FE73AC1-9EBE-44ED-951B-381BBEB60AAF}.Debug|x86.Build.0 = Debug|Any CPU
		{6FE73AC1-9EBE-44ED-951B-381BBEB60AAF}.Release|Any CPU.ActiveCfg = Release|Any CPU
		{6FE73AC1-9EBE-44ED-951B-381BBEB60AAF}.Release|Any CPU.Build.0 = Release|Any CPU
		{6FE73AC1-9EBE-44ED-951B-381BBEB60AAF}.Release|x64.ActiveCfg = Release|Any CPU
		{6FE73AC1-9EBE-44ED-951B-381BBEB60AAF}.Release|x64.Build.0 = Release|Any CPU
		{6FE73AC1-9EBE-44ED-951B-381BBEB60AAF}.Release|x86.ActiveCfg = Release|Any CPU
		{6FE73AC1-9EBE-44ED-951B-381BBEB60AAF}.Release|x86.Build.0 = Release|Any CPU
		{3086A14B-ABD1-4ACE-BC1B-5080B0C77D98}.Debug|Any CPU.ActiveCfg = Debug|Any CPU
		{3086A14B-ABD1-4ACE-BC1B-5080B0C77D98}.Debug|Any CPU.Build.0 = Debug|Any CPU
		{3086A14B-ABD1-4ACE-BC1B-5080B0C77D98}.Debug|x64.ActiveCfg = Debug|Any CPU
		{3086A14B-ABD1-4ACE-BC1B-5080B0C77D98}.Debug|x64.Build.0 = Debug|Any CPU
		{3086A14B-ABD1-4ACE-BC1B-5080B0C77D98}.Debug|x86.ActiveCfg = Debug|Any CPU
		{3086A14B-ABD1-4ACE-BC1B-5080B0C77D98}.Debug|x86.Build.0 = Debug|Any CPU
		{3086A14B-ABD1-4ACE-BC1B-5080B0C77D98}.Release|Any CPU.ActiveCfg = Release|Any CPU
		{3086A14B-ABD1-4ACE-BC1B-5080B0C77D98}.Release|Any CPU.Build.0 = Release|Any CPU
		{3086A14B-ABD1-4ACE-BC1B-5080B0C77D98}.Release|x64.ActiveCfg = Release|Any CPU
		{3086A14B-ABD1-4ACE-BC1B-5080B0C77D98}.Release|x64.Build.0 = Release|Any CPU
		{3086A14B-ABD1-4ACE-BC1B-5080B0C77D98}.Release|x86.ActiveCfg = Release|Any CPU
		{3086A14B-ABD1-4ACE-BC1B-5080B0C77D98}.Release|x86.Build.0 = Release|Any CPU
		{A730D47F-683F-4148-AB10-D07CCDFCB811}.Debug|Any CPU.ActiveCfg = Debug|Any CPU
		{A730D47F-683F-4148-AB10-D07CCDFCB811}.Debug|Any CPU.Build.0 = Debug|Any CPU
		{A730D47F-683F-4148-AB10-D07CCDFCB811}.Debug|x64.ActiveCfg = Debug|Any CPU
		{A730D47F-683F-4148-AB10-D07CCDFCB811}.Debug|x64.Build.0 = Debug|Any CPU
		{A730D47F-683F-4148-AB10-D07CCDFCB811}.Debug|x86.ActiveCfg = Debug|Any CPU
		{A730D47F-683F-4148-AB10-D07CCDFCB811}.Debug|x86.Build.0 = Debug|Any CPU
		{A730D47F-683F-4148-AB10-D07CCDFCB811}.Release|Any CPU.ActiveCfg = Release|Any CPU
		{A730D47F-683F-4148-AB10-D07CCDFCB811}.Release|Any CPU.Build.0 = Release|Any CPU
		{A730D47F-683F-4148-AB10-D07CCDFCB811}.Release|x64.ActiveCfg = Release|Any CPU
		{A730D47F-683F-4148-AB10-D07CCDFCB811}.Release|x64.Build.0 = Release|Any CPU
		{A730D47F-683F-4148-AB10-D07CCDFCB811}.Release|x86.ActiveCfg = Release|Any CPU
		{A730D47F-683F-4148-AB10-D07CCDFCB811}.Release|x86.Build.0 = Release|Any CPU
		{9254AE2B-523E-49F4-A3C3-461C35306CC2}.Debug|Any CPU.ActiveCfg = Debug|Any CPU
		{9254AE2B-523E-49F4-A3C3-461C35306CC2}.Debug|Any CPU.Build.0 = Debug|Any CPU
		{9254AE2B-523E-49F4-A3C3-461C35306CC2}.Debug|x64.ActiveCfg = Debug|x64
		{9254AE2B-523E-49F4-A3C3-461C35306CC2}.Debug|x64.Build.0 = Debug|x64
		{9254AE2B-523E-49F4-A3C3-461C35306CC2}.Debug|x86.ActiveCfg = Debug|Any CPU
		{9254AE2B-523E-49F4-A3C3-461C35306CC2}.Debug|x86.Build.0 = Debug|Any CPU
		{9254AE2B-523E-49F4-A3C3-461C35306CC2}.Release|Any CPU.ActiveCfg = Release|Any CPU
		{9254AE2B-523E-49F4-A3C3-461C35306CC2}.Release|Any CPU.Build.0 = Release|Any CPU
		{9254AE2B-523E-49F4-A3C3-461C35306CC2}.Release|x64.ActiveCfg = Release|x64
		{9254AE2B-523E-49F4-A3C3-461C35306CC2}.Release|x64.Build.0 = Release|x64
		{9254AE2B-523E-49F4-A3C3-461C35306CC2}.Release|x86.ActiveCfg = Release|Any CPU
		{9254AE2B-523E-49F4-A3C3-461C35306CC2}.Release|x86.Build.0 = Release|Any CPU
	EndGlobalSection
	GlobalSection(SolutionProperties) = preSolution
		HideSolutionNode = FALSE
	EndGlobalSection
EndGlobal
